
Microsoft Visual Studio Solution File, Format Version 12.00
# Visual Studio Version 17
VisualStudioVersion = 17.4.33213.308
MinimumVisualStudioVersion = 10.0.40219.1
Project("{2150E333-8FDC-42A3-9474-1A3956D46DE8}") = "Microservices", "Microservices", "{B0C13ABA-C5E6-4D81-91F9-1BDF2BE809BE}"
EndProject
Project("{2150E333-8FDC-42A3-9474-1A3956D46DE8}") = "CurrencyManagement", "CurrencyManagement", "{C4DB9D35-2959-4B1B-807F-230AD14FB2BC}"
EndProject
Project("{9A19103F-16F7-4668-BE54-9A1E7A4F7556}") = "CurrencyManagement.Api", "Microservices\CurrencyManagement\CurrencyManagement.Api\CurrencyManagement.Api.csproj", "{CBE66555-AAD5-4B6D-83E4-5955FEF332B1}"
EndProject
Project("{9A19103F-16F7-4668-BE54-9A1E7A4F7556}") = "CurrencyManagement.Core", "Microservices\CurrencyManagement\CurrencyManagement.Core\CurrencyManagement.Core.csproj", "{80CDB193-A658-4246-BC23-78B50B32CDE8}"
EndProject
Project("{9A19103F-16F7-4668-BE54-9A1E7A4F7556}") = "CurrencyManagement.Data", "Microservices\CurrencyManagement\CurrencyManagement.Data\CurrencyManagement.Data.csproj", "{B62DF90A-0953-458C-BAC1-1E94052D86A1}"
EndProject
Project("{9A19103F-16F7-4668-BE54-9A1E7A4F7556}") = "CurrencyManagement.Services", "Microservices\CurrencyManagement\CurrencyManagement.Services\CurrencyManagement.Services.csproj", "{9AE482BB-87EB-4E21-AA63-DCE6858B536F}"
EndProject
Project("{2150E333-8FDC-42A3-9474-1A3956D46DE8}") = "FinanceManagement", "FinanceManagement", "{B390EE57-F0C8-4056-AD1E-0D50E3A05775}"
EndProject
Project("{9A19103F-16F7-4668-BE54-9A1E7A4F7556}") = "FinanceManagement.Api", "Microservices\FinanceManagement\FinanceManagement.Api\FinanceManagement.Api.csproj", "{8DDF8D53-5996-4AAC-9724-AD9568945293}"
EndProject
Project("{9A19103F-16F7-4668-BE54-9A1E7A4F7556}") = "FinanceManagement.Core", "Microservices\FinanceManagement\FinanceManagement.Core\FinanceManagement.Core.csproj", "{0A62EA43-A8C8-40F3-AD4E-58F5463A2C7E}"
EndProject
Project("{9A19103F-16F7-4668-BE54-9A1E7A4F7556}") = "FinanceManagement.Data", "Microservices\FinanceManagement\FinanceManagement.Data\FinanceManagement.Data.csproj", "{D410511D-3B60-4EE4-A834-63EED66A2C9E}"
EndProject
Project("{2150E333-8FDC-42A3-9474-1A3956D46DE8}") = "UserManagement", "UserManagement", "{79C731E7-9876-4A81-9F1F-B19FB2906570}"
EndProject
Project("{9A19103F-16F7-4668-BE54-9A1E7A4F7556}") = "UserManagement.Core", "Microservices\UserManagement\UserManagement.Core\UserManagement.Core.csproj", "{70C4069E-778F-4296-804B-80F5DF60D652}"
EndProject
Project("{9A19103F-16F7-4668-BE54-9A1E7A4F7556}") = "UserManagement.Data", "Microservices\UserManagement\UserManagement.Data\UserManagement.Data.csproj", "{DE761510-D960-4CC8-B024-227DFA195259}"
EndProject
Project("{9A19103F-16F7-4668-BE54-9A1E7A4F7556}") = "UserManagement.Services", "Microservices\UserManagement\UserManagement.Services\UserManagement.Services.csproj", "{F2E90E0F-1EC6-4C5A-AE99-603485B65496}"
EndProject
Project("{9A19103F-16F7-4668-BE54-9A1E7A4F7556}") = "UserManagement.Api", "Microservices\UserManagement\UserManagement.Api\UserManagement.Api\UserManagement.Api.csproj", "{CFD1CA15-E675-4840-B6AD-448413777288}"
EndProject
Project("{FAE04EC0-301F-11D3-BF4B-00C04F79EFBC}") = "ApiGateway", "ApiGateway\ApiGateway.csproj", "{E616F78F-8099-477F-89C9-56DB88C9CDF7}"
EndProject
Project("{2150E333-8FDC-42A3-9474-1A3956D46DE8}") = "Common", "Common", "{CC0FEC21-7EA7-4555-9E03-E9F48BC56D8E}"
EndProject
Project("{2150E333-8FDC-42A3-9474-1A3956D46DE8}") = "EventBus", "EventBus", "{869E98C7-BE7B-43AD-9A8D-05693CBB33E8}"
EndProject
Project("{FAE04EC0-301F-11D3-BF4B-00C04F79EFBC}") = "EventBus.Messages", "Common\EventBus\EventBus.Messages\EventBus.Messages.csproj", "{7B50FC26-2E0B-4BFA-9A84-ADAD0986B523}"
EndProject
Global
	GlobalSection(SolutionConfigurationPlatforms) = preSolution
		Debug|Any CPU = Debug|Any CPU
		Release|Any CPU = Release|Any CPU
	EndGlobalSection
	GlobalSection(ProjectConfigurationPlatforms) = postSolution
		{CBE66555-AAD5-4B6D-83E4-5955FEF332B1}.Debug|Any CPU.ActiveCfg = Debug|Any CPU
		{CBE66555-AAD5-4B6D-83E4-5955FEF332B1}.Debug|Any CPU.Build.0 = Debug|Any CPU
		{CBE66555-AAD5-4B6D-83E4-5955FEF332B1}.Release|Any CPU.ActiveCfg = Release|Any CPU
		{CBE66555-AAD5-4B6D-83E4-5955FEF332B1}.Release|Any CPU.Build.0 = Release|Any CPU
		{80CDB193-A658-4246-BC23-78B50B32CDE8}.Debug|Any CPU.ActiveCfg = Debug|Any CPU
		{80CDB193-A658-4246-BC23-78B50B32CDE8}.Debug|Any CPU.Build.0 = Debug|Any CPU
		{80CDB193-A658-4246-BC23-78B50B32CDE8}.Release|Any CPU.ActiveCfg = Release|Any CPU
		{80CDB193-A658-4246-BC23-78B50B32CDE8}.Release|Any CPU.Build.0 = Release|Any CPU
		{B62DF90A-0953-458C-BAC1-1E94052D86A1}.Debug|Any CPU.ActiveCfg = Debug|Any CPU
		{B62DF90A-0953-458C-BAC1-1E94052D86A1}.Debug|Any CPU.Build.0 = Debug|Any CPU
		{B62DF90A-0953-458C-BAC1-1E94052D86A1}.Release|Any CPU.ActiveCfg = Release|Any CPU
		{B62DF90A-0953-458C-BAC1-1E94052D86A1}.Release|Any CPU.Build.0 = Release|Any CPU
		{9AE482BB-87EB-4E21-AA63-DCE6858B536F}.Debug|Any CPU.ActiveCfg = Debug|Any CPU
		{9AE482BB-87EB-4E21-AA63-DCE6858B536F}.Debug|Any CPU.Build.0 = Debug|Any CPU
		{9AE482BB-87EB-4E21-AA63-DCE6858B536F}.Release|Any CPU.ActiveCfg = Release|Any CPU
		{9AE482BB-87EB-4E21-AA63-DCE6858B536F}.Release|Any CPU.Build.0 = Release|Any CPU
		{8DDF8D53-5996-4AAC-9724-AD9568945293}.Debug|Any CPU.ActiveCfg = Debug|Any CPU
		{8DDF8D53-5996-4AAC-9724-AD9568945293}.Debug|Any CPU.Build.0 = Debug|Any CPU
		{8DDF8D53-5996-4AAC-9724-AD9568945293}.Release|Any CPU.ActiveCfg = Release|Any CPU
		{8DDF8D53-5996-4AAC-9724-AD9568945293}.Release|Any CPU.Build.0 = Release|Any CPU
		{0A62EA43-A8C8-40F3-AD4E-58F5463A2C7E}.Debug|Any CPU.ActiveCfg = Debug|Any CPU
		{0A62EA43-A8C8-40F3-AD4E-58F5463A2C7E}.Debug|Any CPU.Build.0 = Debug|Any CPU
		{0A62EA43-A8C8-40F3-AD4E-58F5463A2C7E}.Release|Any CPU.ActiveCfg = Release|Any CPU
		{0A62EA43-A8C8-40F3-AD4E-58F5463A2C7E}.Release|Any CPU.Build.0 = Release|Any CPU
		{D410511D-3B60-4EE4-A834-63EED66A2C9E}.Debug|Any CPU.ActiveCfg = Debug|Any CPU
		{D410511D-3B60-4EE4-A834-63EED66A2C9E}.Debug|Any CPU.Build.0 = Debug|Any CPU
		{D410511D-3B60-4EE4-A834-63EED66A2C9E}.Release|Any CPU.ActiveCfg = Release|Any CPU
		{D410511D-3B60-4EE4-A834-63EED66A2C9E}.Release|Any CPU.Build.0 = Release|Any CPU
		{70C4069E-778F-4296-804B-80F5DF60D652}.Debug|Any CPU.ActiveCfg = Debug|Any CPU
		{70C4069E-778F-4296-804B-80F5DF60D652}.Debug|Any CPU.Build.0 = Debug|Any CPU
		{70C4069E-778F-4296-804B-80F5DF60D652}.Release|Any CPU.ActiveCfg = Release|Any CPU
		{70C4069E-778F-4296-804B-80F5DF60D652}.Release|Any CPU.Build.0 = Release|Any CPU
		{DE761510-D960-4CC8-B024-227DFA195259}.Debug|Any CPU.ActiveCfg = Debug|Any CPU
		{DE761510-D960-4CC8-B024-227DFA195259}.Debug|Any CPU.Build.0 = Debug|Any CPU
		{DE761510-D960-4CC8-B024-227DFA195259}.Release|Any CPU.ActiveCfg = Release|Any CPU
		{DE761510-D960-4CC8-B024-227DFA195259}.Release|Any CPU.Build.0 = Release|Any CPU
		{F2E90E0F-1EC6-4C5A-AE99-603485B65496}.Debug|Any CPU.ActiveCfg = Debug|Any CPU
		{F2E90E0F-1EC6-4C5A-AE99-603485B65496}.Debug|Any CPU.Build.0 = Debug|Any CPU
		{F2E90E0F-1EC6-4C5A-AE99-603485B65496}.Release|Any CPU.ActiveCfg = Release|Any CPU
		{F2E90E0F-1EC6-4C5A-AE99-603485B65496}.Release|Any CPU.Build.0 = Release|Any CPU
		{CFD1CA15-E675-4840-B6AD-448413777288}.Debug|Any CPU.ActiveCfg = Debug|Any CPU
		{CFD1CA15-E675-4840-B6AD-448413777288}.Debug|Any CPU.Build.0 = Debug|Any CPU
		{CFD1CA15-E675-4840-B6AD-448413777288}.Release|Any CPU.ActiveCfg = Release|Any CPU
		{CFD1CA15-E675-4840-B6AD-448413777288}.Release|Any CPU.Build.0 = Release|Any CPU
		{E616F78F-8099-477F-89C9-56DB88C9CDF7}.Debug|Any CPU.ActiveCfg = Debug|Any CPU
		{E616F78F-8099-477F-89C9-56DB88C9CDF7}.Debug|Any CPU.Build.0 = Debug|Any CPU
		{E616F78F-8099-477F-89C9-56DB88C9CDF7}.Release|Any CPU.ActiveCfg = Release|Any CPU
		{E616F78F-8099-477F-89C9-56DB88C9CDF7}.Release|Any CPU.Build.0 = Release|Any CPU
		{7B50FC26-2E0B-4BFA-9A84-ADAD0986B523}.Debug|Any CPU.ActiveCfg = Debug|Any CPU
		{7B50FC26-2E0B-4BFA-9A84-ADAD0986B523}.Debug|Any CPU.Build.0 = Debug|Any CPU
		{7B50FC26-2E0B-4BFA-9A84-ADAD0986B523}.Release|Any CPU.ActiveCfg = Release|Any CPU
		{7B50FC26-2E0B-4BFA-9A84-ADAD0986B523}.Release|Any CPU.Build.0 = Release|Any CPU
	EndGlobalSection
	GlobalSection(SolutionProperties) = preSolution
		HideSolutionNode = FALSE
	EndGlobalSection
	GlobalSection(NestedProjects) = preSolution
		{C4DB9D35-2959-4B1B-807F-230AD14FB2BC} = {B0C13ABA-C5E6-4D81-91F9-1BDF2BE809BE}
		{CBE66555-AAD5-4B6D-83E4-5955FEF332B1} = {C4DB9D35-2959-4B1B-807F-230AD14FB2BC}
		{80CDB193-A658-4246-BC23-78B50B32CDE8} = {C4DB9D35-2959-4B1B-807F-230AD14FB2BC}
		{B62DF90A-0953-458C-BAC1-1E94052D86A1} = {C4DB9D35-2959-4B1B-807F-230AD14FB2BC}
		{9AE482BB-87EB-4E21-AA63-DCE6858B536F} = {C4DB9D35-2959-4B1B-807F-230AD14FB2BC}
		{B390EE57-F0C8-4056-AD1E-0D50E3A05775} = {B0C13ABA-C5E6-4D81-91F9-1BDF2BE809BE}
		{8DDF8D53-5996-4AAC-9724-AD9568945293} = {B390EE57-F0C8-4056-AD1E-0D50E3A05775}
		{0A62EA43-A8C8-40F3-AD4E-58F5463A2C7E} = {B390EE57-F0C8-4056-AD1E-0D50E3A05775}
		{D410511D-3B60-4EE4-A834-63EED66A2C9E} = {B390EE57-F0C8-4056-AD1E-0D50E3A05775}
		{79C731E7-9876-4A81-9F1F-B19FB2906570} = {B0C13ABA-C5E6-4D81-91F9-1BDF2BE809BE}
		{70C4069E-778F-4296-804B-80F5DF60D652} = {79C731E7-9876-4A81-9F1F-B19FB2906570}
		{DE761510-D960-4CC8-B024-227DFA195259} = {79C731E7-9876-4A81-9F1F-B19FB2906570}
		{F2E90E0F-1EC6-4C5A-AE99-603485B65496} = {79C731E7-9876-4A81-9F1F-B19FB2906570}
		{CFD1CA15-E675-4840-B6AD-448413777288} = {79C731E7-9876-4A81-9F1F-B19FB2906570}
		{869E98C7-BE7B-43AD-9A8D-05693CBB33E8} = {CC0FEC21-7EA7-4555-9E03-E9F48BC56D8E}
		{7B50FC26-2E0B-4BFA-9A84-ADAD0986B523} = {869E98C7-BE7B-43AD-9A8D-05693CBB33E8}
	EndGlobalSection
	GlobalSection(ExtensibilityGlobals) = postSolution
		SolutionGuid = {5872517A-CEDD-49A3-80B2-FE16C83C18EE}
	EndGlobalSection
EndGlobal
